{
  "name": "pragmatic-programmer",
  "lockfileVersion": 2,
  "requires": true,
  "packages": {
    "": {
      "name": "pragmatic-programmer",
      "dependencies": {
        "js-yaml": "^4.1.0"
      },
      "devDependencies": {
        "bun-types": "latest"
      },
      "peerDependencies": {
        "typescript": "^5.0.0"
      }
    },
    "node_modules/@types/node": {
      "version": "20.12.14",
      "dev": true,
      "license": "MIT",
      "dependencies": {
        "undici-types": "~5.26.4"
      }
    },
    "node_modules/@types/ws": {
      "version": "8.5.12",
      "dev": true,
      "license": "MIT",
      "dependencies": {
        "@types/node": "*"
      }
    },
    "node_modules/@types/ws/node_modules/@types/node": {
      "version": "22.3.0",
      "dev": true,
      "license": "MIT",
      "dependencies": {
        "undici-types": "~6.18.2"
      }
    },
    "node_modules/@types/ws/node_modules/@types/node/node_modules/undici-types": {
      "version": "6.18.2",
      "dev": true,
      "license": "MIT"
    },
    "node_modules/argparse": {
      "version": "2.0.1",
      "license": "Python-2.0"
    },
    "node_modules/bun-types": {
      "version": "1.1.24",
      "resolved": "https://registry.npmjs.org/bun-types/-/bun-types-1.1.24.tgz",
      "integrity": "sha512-UNEcYawHWOVw9GYQdOgjJvTQduYlPckmRMqpBqfkWpUzeK2CZfEP/JOYBH6SMypyfkNg/Zsqf0olN6vMrSPg3w==",
      "dev": true,
      "dependencies": {
        "@types/node": "~20.12.8",
        "@types/ws": "~8.5.10"
      }
    },
    "node_modules/js-yaml": {
      "version": "4.1.0",
      "license": "MIT",
      "dependencies": {
        "argparse": "^2.0.1"
      },
      "bin": {
        "js-yaml": "bin/js-yaml.js"
      }
    },
    "node_modules/typescript": {
      "version": "5.5.4",
      "license": "Apache-2.0",
      "peer": true,
      "bin": {
        "tsc": "bin/tsc",
        "tsserver": "bin/tsserver"
      },
      "engines": {
        "node": ">=14.17"
      }
    },
    "node_modules/undici-types": {
      "version": "5.26.5",
      "dev": true,
      "license": "MIT"
    }
  },
  "dependencies": {
    "@types/node": {
      "version": "20.12.14",
      "dev": true,
      "requires": {
        "undici-types": "~5.26.4"
      }
    },
    "@types/ws": {
      "version": "8.5.12",
      "dev": true,
      "requires": {
        "@types/node": "*"
      },
      "dependencies": {
        "@types/node": {
          "version": "22.3.0",
          "dev": true,
          "requires": {
            "undici-types": "~6.18.2"
          },
          "dependencies": {
            "undici-types": {
              "version": "6.18.2",
              "dev": true
            }
          }
        }
      }
    },
    "argparse": {
      "version": "2.0.1"
    },
    "bun-types": {
      "version": "1.1.24",
      "resolved": "https://registry.npmjs.org/bun-types/-/bun-types-1.1.24.tgz",
      "integrity": "sha512-UNEcYawHWOVw9GYQdOgjJvTQduYlPckmRMqpBqfkWpUzeK2CZfEP/JOYBH6SMypyfkNg/Zsqf0olN6vMrSPg3w==",
      "dev": true,
      "requires": {
        "@types/node": "~20.12.8",
        "@types/ws": "~8.5.10"
      }
    },
    "js-yaml": {
      "version": "4.1.0",
      "requires": {
        "argparse": "^2.0.1"
      }
    },
    "typescript": {
      "version": "5.5.4",
      "peer": true
    },
    "undici-types": {
      "version": "5.26.5",
      "dev": true
    }
  }
}
